{
  "name": "neon-latency-dash",
  "version": "0.1.1",
  "lockfileVersion": 2,
  "requires": true,
  "packages": {
    "": {
      "name": "neon-latency-dash",
      "version": "0.1.1",
      "license": "ISC",
      "dependencies": {
        "@neondatabase/serverless": "^0.2.8"
      }
    },
    "node_modules/@neondatabase/serverless": {
      "version": "0.2.9",
      "resolved": "https://registry.npmjs.org/@neondatabase/serverless/-/serverless-0.2.9.tgz",
      "integrity": "sha512-fp7gXG8rt+uP+UT2ReGoCrf8GYb25Tv6xklDtZEoe8XKkBtVyZO+sii5oLNRwhvTLkqt7FX49MBCh3Est9b2KQ=="
    }
  },
  "dependencies": {
    "@neondatabase/serverless": {
      "version": "0.2.9",
      "resolved": "https://registry.npmjs.org/@neondatabase/serverless/-/serverless-0.2.9.tgz",
      "integrity": "sha512-fp7gXG8rt+uP+UT2ReGoCrf8GYb25Tv6xklDtZEoe8XKkBtVyZO+sii5oLNRwhvTLkqt7FX49MBCh3Est9b2KQ=="
    }
  }
}
