{
  "name": "neon-latency-dash",
  "version": "0.1.1",
  "lockfileVersion": 2,
  "requires": true,
  "packages": {
    "": {
      "name": "neon-latency-dash",
      "version": "0.1.1",
      "license": "ISC",
      "dependencies": {
        "@neondatabase/serverless": "^0.2.8"
      }
    },
    "node_modules/@neondatabase/serverless": {
      "version": "0.2.8",
      "resolved": "https://registry.npmjs.org/@neondatabase/serverless/-/serverless-0.2.8.tgz",
      "integrity": "sha512-+yWjIOJsFnrtt2xvtLVEzWM2lfvemawk/DBg4mD2cZOF/IC6Jn4wEctZyk60TscZMSxfozNkPoxmZvBmNuQ0vA=="
    }
  },
  "dependencies": {
    "@neondatabase/serverless": {
      "version": "0.2.8",
      "resolved": "https://registry.npmjs.org/@neondatabase/serverless/-/serverless-0.2.8.tgz",
      "integrity": "sha512-+yWjIOJsFnrtt2xvtLVEzWM2lfvemawk/DBg4mD2cZOF/IC6Jn4wEctZyk60TscZMSxfozNkPoxmZvBmNuQ0vA=="
    }
  }
}
